
Microsoft Visual Studio Solution File, Format Version 12.00
# Visual Studio Version 17
VisualStudioVersion = 17.1.32319.34
MinimumVisualStudioVersion = 10.0.40219.1
Project("{FAE04EC0-301F-11D3-BF4B-00C04F79EFBC}") = "UsersInterface", "UsersInterface\UsersInterface.csproj", "{C2C42116-FE22-4EA8-A357-D7EA3F9A901D}"
EndProject
Global
	GlobalSection(SolutionConfigurationPlatforms) = preSolution
		Debug|Any CPU = Debug|Any CPU
		Release|Any CPU = Release|Any CPU
	EndGlobalSection
	GlobalSection(ProjectConfigurationPlatforms) = postSolution
		{C2C42116-FE22-4EA8-A357-D7EA3F9A901D}.Debug|Any CPU.ActiveCfg = Debug|Any CPU
		{C2C42116-FE22-4EA8-A357-D7EA3F9A901D}.Debug|Any CPU.Build.0 = Debug|Any CPU
		{C2C42116-FE22-4EA8-A357-D7EA3F9A901D}.Release|Any CPU.ActiveCfg = Release|Any CPU
		{C2C42116-FE22-4EA8-A357-D7EA3F9A901D}.Release|Any CPU.Build.0 = Release|Any CPU
	EndGlobalSection
	GlobalSection(SolutionProperties) = preSolution
		HideSolutionNode = FALSE
	EndGlobalSection
	GlobalSection(ExtensibilityGlobals) = postSolution
		SolutionGuid = {DB3BD96F-8DB3-4A7D-8A6F-556F71F5A039}
	EndGlobalSection
EndGlobal
